
Microsoft Visual Studio Solution File, Format Version 12.00
# Visual Studio Version 17
VisualStudioVersion = 17.7.34031.279
MinimumVisualStudioVersion = 10.0.40219.1
Project("{FAE04EC0-301F-11D3-BF4B-00C04F79EFBC}") = "CoffeeCanvas", "CoffeeCanvas\CoffeeCanvas.csproj", "{AA0E1F54-BF75-4D79-8CB5-CB3510B41FFB}"
EndProject
Global
	GlobalSection(SolutionConfigurationPlatforms) = preSolution
		Debug|Any CPU = Debug|Any CPU
		Release|Any CPU = Release|Any CPU
	EndGlobalSection
	GlobalSection(ProjectConfigurationPlatforms) = postSolution
		{AA0E1F54-BF75-4D79-8CB5-CB3510B41FFB}.Debug|Any CPU.ActiveCfg = Debug|Any CPU
		{AA0E1F54-BF75-4D79-8CB5-CB3510B41FFB}.Debug|Any CPU.Build.0 = Debug|Any CPU
		{AA0E1F54-BF75-4D79-8CB5-CB3510B41FFB}.Release|Any CPU.ActiveCfg = Release|Any CPU
		{AA0E1F54-BF75-4D79-8CB5-CB3510B41FFB}.Release|Any CPU.Build.0 = Release|Any CPU
	EndGlobalSection
	GlobalSection(SolutionProperties) = preSolution
		HideSolutionNode = FALSE
	EndGlobalSection
	GlobalSection(ExtensibilityGlobals) = postSolution
		SolutionGuid = {45E54361-6031-40DC-806A-0EB64E33A922}
	EndGlobalSection
EndGlobal
